
Microsoft Visual Studio Solution File, Format Version 12.00
# Visual Studio Version 17
VisualStudioVersion = 17.8.34511.84
MinimumVisualStudioVersion = 10.0.40219.1
Project("{FAE04EC0-301F-11D3-BF4B-00C04F79EFBC}") = "EmailProvider", "EmailProvider\EmailProvider.csproj", "{B7683D0F-0607-42DB-86DA-1E02AAFE3E98}"
EndProject
Global
	GlobalSection(SolutionConfigurationPlatforms) = preSolution
		Debug|Any CPU = Debug|Any CPU
		Release|Any CPU = Release|Any CPU
	EndGlobalSection
	GlobalSection(ProjectConfigurationPlatforms) = postSolution
		{B7683D0F-0607-42DB-86DA-1E02AAFE3E98}.Debug|Any CPU.ActiveCfg = Debug|Any CPU
		{B7683D0F-0607-42DB-86DA-1E02AAFE3E98}.Debug|Any CPU.Build.0 = Debug|Any CPU
		{B7683D0F-0607-42DB-86DA-1E02AAFE3E98}.Release|Any CPU.ActiveCfg = Release|Any CPU
		{B7683D0F-0607-42DB-86DA-1E02AAFE3E98}.Release|Any CPU.Build.0 = Release|Any CPU
	EndGlobalSection
	GlobalSection(SolutionProperties) = preSolution
		HideSolutionNode = FALSE
	EndGlobalSection
	GlobalSection(ExtensibilityGlobals) = postSolution
		SolutionGuid = {6B834672-C90F-45DB-AE42-F0A2DD64CC0A}
	EndGlobalSection
EndGlobal
